
Microsoft Visual Studio Solution File, Format Version 12.00
# Visual Studio Version 17
VisualStudioVersion = 17.1.32328.378
MinimumVisualStudioVersion = 10.0.40219.1
Project("{9A19103F-16F7-4668-BE54-9A1E7A4F7556}") = "PicnicMicroservice.Domain", "PicnicMicroservice.Domain\PicnicMicroservice.Domain.csproj", "{8489DFE9-C045-4EF8-A73A-1D34F7D8FCF8}"
EndProject
Project("{2150E333-8FDC-42A3-9474-1A3956D46DE8}") = "Solution Items", "Solution Items", "{7735F11F-A659-40B5-BA18-2451A4C105D9}"
	ProjectSection(SolutionItems) = preProject
		Budget.png = Budget.png
		DatabaseInit.sql = DatabaseInit.sql
		ERDiagramForPicnic.png = ERDiagramForPicnic.png
		OverallArchitecture.png = OverallArchitecture.png
		Planning.md = Planning.md
		README.md = README.md
		TechnicalRoadmap.png = TechnicalRoadmap.png
	EndProjectSection
EndProject
Project("{9A19103F-16F7-4668-BE54-9A1E7A4F7556}") = "PicnicMicroservice.Application", "PicnicMicroservice.Application\PicnicMicroservice.Application.csproj", "{0C7647A9-A6A2-4D98-8539-54BDAEAF5290}"
EndProject
Project("{9A19103F-16F7-4668-BE54-9A1E7A4F7556}") = "PicnicMicroservice.Infrastructure", "PicnicMicroservice.Infrastructure\PicnicMicroservice.Infrastructure.csproj", "{E373D598-60D0-4B2B-AA92-24DBAD44EBD3}"
EndProject
Project("{9A19103F-16F7-4668-BE54-9A1E7A4F7556}") = "PicnicMicroservice.Api", "PicnicMicroservice.Api\PicnicMicroservice.Api.csproj", "{7863B2AC-7C24-4A18-82F3-D2BC292FA2AA}"
EndProject
Global
	GlobalSection(SolutionConfigurationPlatforms) = preSolution
		Debug|Any CPU = Debug|Any CPU
		Release|Any CPU = Release|Any CPU
	EndGlobalSection
	GlobalSection(ProjectConfigurationPlatforms) = postSolution
		{8489DFE9-C045-4EF8-A73A-1D34F7D8FCF8}.Debug|Any CPU.ActiveCfg = Debug|Any CPU
		{8489DFE9-C045-4EF8-A73A-1D34F7D8FCF8}.Debug|Any CPU.Build.0 = Debug|Any CPU
		{8489DFE9-C045-4EF8-A73A-1D34F7D8FCF8}.Release|Any CPU.ActiveCfg = Release|Any CPU
		{8489DFE9-C045-4EF8-A73A-1D34F7D8FCF8}.Release|Any CPU.Build.0 = Release|Any CPU
		{0C7647A9-A6A2-4D98-8539-54BDAEAF5290}.Debug|Any CPU.ActiveCfg = Debug|Any CPU
		{0C7647A9-A6A2-4D98-8539-54BDAEAF5290}.Debug|Any CPU.Build.0 = Debug|Any CPU
		{0C7647A9-A6A2-4D98-8539-54BDAEAF5290}.Release|Any CPU.ActiveCfg = Release|Any CPU
		{0C7647A9-A6A2-4D98-8539-54BDAEAF5290}.Release|Any CPU.Build.0 = Release|Any CPU
		{E373D598-60D0-4B2B-AA92-24DBAD44EBD3}.Debug|Any CPU.ActiveCfg = Debug|Any CPU
		{E373D598-60D0-4B2B-AA92-24DBAD44EBD3}.Debug|Any CPU.Build.0 = Debug|Any CPU
		{E373D598-60D0-4B2B-AA92-24DBAD44EBD3}.Release|Any CPU.ActiveCfg = Release|Any CPU
		{E373D598-60D0-4B2B-AA92-24DBAD44EBD3}.Release|Any CPU.Build.0 = Release|Any CPU
		{7863B2AC-7C24-4A18-82F3-D2BC292FA2AA}.Debug|Any CPU.ActiveCfg = Debug|Any CPU
		{7863B2AC-7C24-4A18-82F3-D2BC292FA2AA}.Debug|Any CPU.Build.0 = Debug|Any CPU
		{7863B2AC-7C24-4A18-82F3-D2BC292FA2AA}.Release|Any CPU.ActiveCfg = Release|Any CPU
		{7863B2AC-7C24-4A18-82F3-D2BC292FA2AA}.Release|Any CPU.Build.0 = Release|Any CPU
	EndGlobalSection
	GlobalSection(SolutionProperties) = preSolution
		HideSolutionNode = FALSE
	EndGlobalSection
	GlobalSection(ExtensibilityGlobals) = postSolution
		SolutionGuid = {57F6F233-5357-4ADB-8F82-850D0FE979AD}
	EndGlobalSection
EndGlobal
